
Microsoft Visual Studio Solution File, Format Version 12.00
# Visual Studio 15
VisualStudioVersion = 15.0.28307.852
MinimumVisualStudioVersion = 10.0.40219.1
Project("{FAE04EC0-301F-11D3-BF4B-00C04F79EFBC}") = "AspireCE_Listener", "AspireCE_Listener\AspireCE_Listener.csproj", "{0343A137-3232-4AB3-A853-BDEBBD15D1FF}"
EndProject
Global
	GlobalSection(SolutionConfigurationPlatforms) = preSolution
		Debug|Any CPU = Debug|Any CPU
		Release|Any CPU = Release|Any CPU
	EndGlobalSection
	GlobalSection(ProjectConfigurationPlatforms) = postSolution
		{0343A137-3232-4AB3-A853-BDEBBD15D1FF}.Debug|Any CPU.ActiveCfg = Debug|Any CPU
		{0343A137-3232-4AB3-A853-BDEBBD15D1FF}.Debug|Any CPU.Build.0 = Debug|Any CPU
		{0343A137-3232-4AB3-A853-BDEBBD15D1FF}.Release|Any CPU.ActiveCfg = Release|Any CPU
		{0343A137-3232-4AB3-A853-BDEBBD15D1FF}.Release|Any CPU.Build.0 = Release|Any CPU
	EndGlobalSection
	GlobalSection(SolutionProperties) = preSolution
		HideSolutionNode = FALSE
	EndGlobalSection
	GlobalSection(ExtensibilityGlobals) = postSolution
		SolutionGuid = {E8949814-2936-4F2B-BC8B-83FDCBB0C7F3}
	EndGlobalSection
EndGlobal
